
Microsoft Visual Studio Solution File, Format Version 12.00
# Visual Studio Version 16
VisualStudioVersion = 16.0.30709.132
MinimumVisualStudioVersion = 10.0.40219.1
Project("{FAE04EC0-301F-11D3-BF4B-00C04F79EFBC}") = "RemoveDuplicateFiles", "RemoveDuplicateFiles\RemoveDuplicateFiles.csproj", "{E3A2C92A-F21B-4F41-B6B9-3EC817CFA925}"
EndProject
Global
	GlobalSection(SolutionConfigurationPlatforms) = preSolution
		Debug|Any CPU = Debug|Any CPU
		Release|Any CPU = Release|Any CPU
	EndGlobalSection
	GlobalSection(ProjectConfigurationPlatforms) = postSolution
		{E3A2C92A-F21B-4F41-B6B9-3EC817CFA925}.Debug|Any CPU.ActiveCfg = Debug|Any CPU
		{E3A2C92A-F21B-4F41-B6B9-3EC817CFA925}.Debug|Any CPU.Build.0 = Debug|Any CPU
		{E3A2C92A-F21B-4F41-B6B9-3EC817CFA925}.Release|Any CPU.ActiveCfg = Release|Any CPU
		{E3A2C92A-F21B-4F41-B6B9-3EC817CFA925}.Release|Any CPU.Build.0 = Release|Any CPU
	EndGlobalSection
	GlobalSection(SolutionProperties) = preSolution
		HideSolutionNode = FALSE
	EndGlobalSection
	GlobalSection(ExtensibilityGlobals) = postSolution
		SolutionGuid = {2668347B-C0A3-457D-A779-392A76A56B46}
	EndGlobalSection
EndGlobal
